
Microsoft Visual Studio Solution File, Format Version 11.00
# Visual C# Express 2010
Project("{FAE04EC0-301F-11D3-BF4B-00C04F79EFBC}") = "TestOpzet", "TestOpzet\TestOpzet.csproj", "{C8E45D4D-8D09-4E07-8C29-2C9DF394242E}"
EndProject
Global
	GlobalSection(SolutionConfigurationPlatforms) = preSolution
		Debug|x86 = Debug|x86
		Release|x86 = Release|x86
	EndGlobalSection
	GlobalSection(ProjectConfigurationPlatforms) = postSolution
		{C8E45D4D-8D09-4E07-8C29-2C9DF394242E}.Debug|x86.ActiveCfg = Debug|x86
		{C8E45D4D-8D09-4E07-8C29-2C9DF394242E}.Debug|x86.Build.0 = Debug|x86
		{C8E45D4D-8D09-4E07-8C29-2C9DF394242E}.Release|x86.ActiveCfg = Release|x86
		{C8E45D4D-8D09-4E07-8C29-2C9DF394242E}.Release|x86.Build.0 = Release|x86
	EndGlobalSection
	GlobalSection(SolutionProperties) = preSolution
		HideSolutionNode = FALSE
	EndGlobalSection
EndGlobal
